hash: f059ade6512171d3c026327fafd5f36b58fe8f0974d11b34f1c5fac7e60bf3db
updated: 2017-03-20T10:57:16.1821778Z
imports:
- name: github.com/golang/glog
  version: 44145f04b68cf362d9c4df2182967c2275eaefed
- name: github.com/gorilla/context
  version: 08b5f424b9271eedf6f9f0ce86cb9396ed337a42
- name: github.com/gorilla/mux
  version: 599cba5e7b6137d46ddf58fb1765f5d928e69604
testImports: []
